lockfileVersion: '9.0'

settings:
  autoInstallPeers: true
  excludeLinksFromLockfile: false

importers:

  .:
    dependencies:
      '@heroicons/react':
        specifier: ^2.2.0
        version: 2.2.0(react@18.3.1)
      '@react-three/fiber':
        specifier: ^8.17.10
        version: 8.17.10(react-dom@18.3.1(react@18.3.1))(react@18.3.1)(three@0.170.0)
      framer-motion:
        specifier: ^11.11.17
        version: 11.11.17(react-dom@18.3.1(react@18.3.1))(react@18.3.1)
      react:
        specifier: 18.3.1
        version: 18.3.1
      react-dom:
        specifier: 18.3.1
        version: 18.3.1(react@18.3.1)
      three:
        specifier: ^0.170.0
        version: 0.170.0
    devDependencies:
      '@types/three':
        specifier: ^0.170.0
        version: 0.170.0

packages:

  '@babel/runtime@7.26.0':
    resolution: {integrity: sha512-FDSOghenHTiToteC/QRlv2q3DhPZ/oOXTBoirfWNx1Cx3TMVcGWQtMMmQcSvb/JjpNeGzx8Pq/b4fKEJuWm1sw==}
    engines: {node: '>=6.9.0'}

  '@heroicons/react@2.2.0':
    resolution: {integrity: sha512-LMcepvRaS9LYHJGsF0zzmgKCUim/X3N/DQKc4jepAXJ7l8QxJ1PmxJzqplF2Z3FE4PqBAIGyJAQ/w4B5dsqbtQ==}
    peerDependencies:
      react: '>= 16 || ^19.0.0-rc'

  '@react-three/fiber@8.17.10':
    resolution: {integrity: sha512-S6bqa4DqUooEkInYv/W+Jklv2zjSYCXAhm6qKpAQyOXhTEt5gBXnA7W6aoJ0bjmp9pAeaSj/AZUoz1HCSof/uA==}
    peerDependencies:
      expo: '>=43.0'
      expo-asset: '>=8.4'
      expo-file-system: '>=11.0'
      expo-gl: '>=11.0'
      react: '>=18.0'
      react-dom: '>=18.0'
      react-native: '>=0.64'
      three: '>=0.133'
    peerDependenciesMeta:
      expo:
        optional: true
      expo-asset:
        optional: true
      expo-file-system:
        optional: true
      expo-gl:
        optional: true
      react-dom:
        optional: true
      react-native:
        optional: true

  '@tweenjs/tween.js@23.1.3':
    resolution: {integrity: sha512-vJmvvwFxYuGnF2axRtPYocag6Clbb5YS7kLL+SO/TeVFzHqDIWrNKYtcsPMibjDx9O+bu+psAy9NKfWklassUA==}

  '@types/debounce@1.2.4':
    resolution: {integrity: sha512-jBqiORIzKDOToaF63Fm//haOCHuwQuLa2202RK4MozpA6lh93eCBc+/8+wZn5OzjJt3ySdc+74SXWXB55Ewtyw==}

  '@types/prop-types@15.7.13':
    resolution: {integrity: sha512-hCZTSvwbzWGvhqxp/RqVqwU999pBf2vp7hzIjiYOsl8wqOmUxkQ6ddw1cV3l8811+kdUFus/q4d1Y3E3SyEifA==}

  '@types/react-reconciler@0.26.7':
    resolution: {integrity: sha512-mBDYl8x+oyPX/VBb3E638N0B7xG+SPk/EAMcVPeexqus/5aTpTphQi0curhhshOqRrc9t6OPoJfEUkbymse/lQ==}

  '@types/react-reconciler@0.28.8':
    resolution: {integrity: sha512-SN9c4kxXZonFhbX4hJrZy37yw9e7EIxcpHCxQv5JUS18wDE5ovkQKlqQEkufdJCCMfuI9BnjUJvhYeJ9x5Ra7g==}

  '@types/react@18.3.12':
    resolution: {integrity: sha512-D2wOSq/d6Agt28q7rSI3jhU7G6aiuzljDGZ2hTZHIkrTLUI+AF3WMeKkEZ9nN2fkBAlcktT6vcZjDFiIhMYEQw==}

  '@types/stats.js@0.17.3':
    resolution: {integrity: sha512-pXNfAD3KHOdif9EQXZ9deK82HVNaXP5ZIF5RP2QG6OQFNTaY2YIetfrE9t528vEreGQvEPRDDc8muaoYeK0SxQ==}

  '@types/three@0.170.0':
    resolution: {integrity: sha512-CUm2uckq+zkCY7ZbFpviRttY+6f9fvwm6YqSqPfA5K22s9w7R4VnA3rzJse8kHVvuzLcTx+CjNCs2NYe0QFAyg==}

  '@types/webxr@0.5.20':
    resolution: {integrity: sha512-JGpU6qiIJQKUuVSKx1GtQnHJGxRjtfGIhzO2ilq43VZZS//f1h1Sgexbdk+Lq+7569a6EYhOWrUpIruR/1Enmg==}

  '@webgpu/types@0.1.51':
    resolution: {integrity: sha512-ktR3u64NPjwIViNCck+z9QeyN0iPkQCUOQ07ZCV1RzlkfP+olLTeEZ95O1QHS+v4w9vJeY9xj/uJuSphsHy5rQ==}

  base64-js@1.5.1:
    resolution: {integrity: sha512-AKpaYlHn8t4SVbOHCy+b5+KKgvR4vrsD8vbvrbiQJps7fKDTkjkDry6ji0rUJjC0kzbNePLwzxq8iypo41qeWA==}

  buffer@6.0.3:
    resolution: {integrity: sha512-FTiCpNxtwiZZHEZbcbTIcZjERVICn9yq/pDFkTl95/AxzD1naBctN7YO68riM/gLSDY7sdrMby8hofADYuuqOA==}

  csstype@3.1.3:
    resolution: {integrity: sha512-M1uQkMl8rQK/szD0LNhtqxIPLpimGm8sOBwU7lLnCpSbTyY3yeU1Vc7l4KT5zT4s/yOxHH5O7tIuuLOCnLADRw==}

  debounce@1.2.1:
    resolution: {integrity: sha512-XRRe6Glud4rd/ZGQfiV1ruXSfbvfJedlV9Y6zOlP+2K04vBYiJEte6stfFkCP03aMnY5tsipamumUjL14fofug==}

  fflate@0.8.2:
    resolution: {integrity: sha512-cPJU47OaAoCbg0pBvzsgpTPhmhqI5eJjh/JIu8tPj5q+T7iLvW/JAYUqmE7KOB4R1ZyEhzBaIQpQpardBF5z8A==}

  framer-motion@11.11.17:
    resolution: {integrity: sha512-O8QzvoKiuzI5HSAHbcYuL6xU+ZLXbrH7C8Akaato4JzQbX2ULNeniqC2Vo5eiCtFktX9XsJ+7nUhxcl2E2IjpA==}
    peerDependencies:
      '@emotion/is-prop-valid': '*'
      react: ^18.0.0
      react-dom: ^18.0.0
    peerDependenciesMeta:
      '@emotion/is-prop-valid':
        optional: true
      react:
        optional: true
      react-dom:
        optional: true

  ieee754@1.2.1:
    resolution: {integrity: sha512-dcyqhDvX1C46lXZcVqCpK+FtMRQVdIMN6/Df5js2zouUsqG7I6sFxitIC+7KYK29KdXOLHdu9zL4sFnoVQnqaA==}

  its-fine@1.2.5:
    resolution: {integrity: sha512-fXtDA0X0t0eBYAGLVM5YsgJGsJ5jEmqZEPrGbzdf5awjv0xE7nqv3TVnvtUF060Tkes15DbDAKW/I48vsb6SyA==}
    peerDependencies:
      react: '>=18.0'

  js-tokens@4.0.0:
    resolution: {integrity: sha512-RdJUflcE3cUzKiMqQgsCu06FPu9UdIJO0beYbPhHN4k6apgJtifcoCtT9bcxOpYBtpD2kCM6Sbzg4CausW/PKQ==}

  loose-envify@1.4.0:
    resolution: {integrity: sha512-lyuxPGr/Wfhrlem2CL/UcnUc1zcqKAImBDzukY7Y5F/yQiNdko6+fRLevlw1HgMySw7f611UIY408EtxRSoK3Q==}
    hasBin: true

  meshoptimizer@0.18.1:
    resolution: {integrity: sha512-ZhoIoL7TNV4s5B6+rx5mC//fw8/POGyNxS/DZyCJeiZ12ScLfVwRE/GfsxwiTkMYYD5DmK2/JXnEVXqL4rF+Sw==}

  react-dom@18.3.1:
    resolution: {integrity: sha512-5m4nQKp+rZRb09LNH59GM4BxTh9251/ylbKIbpe7TpGxfJ+9kv6BLkLBXIjjspbgbnIBNqlI23tRnTWT0snUIw==}
    peerDependencies:
      react: ^18.3.1

  react-reconciler@0.27.0:
    resolution: {integrity: sha512-HmMDKciQjYmBRGuuhIaKA1ba/7a+UsM5FzOZsMO2JYHt9Jh8reCb7j1eDC95NOyUlKM9KRyvdx0flBuDvYSBoA==}
    engines: {node: '>=0.10.0'}
    peerDependencies:
      react: ^18.0.0

  react@18.3.1:
    resolution: {integrity: sha512-wS+hAgJShR0KhEvPJArfuPVN1+Hz1t0Y6n5jLrGQbkb4urgPE/0Rve+1kMB1v/oWgHgm4WIcV+i7F2pTVj+2iQ==}
    engines: {node: '>=0.10.0'}

  regenerator-runtime@0.14.1:
    resolution: {integrity: sha512-dYnhHh0nJoMfnkZs6GmmhFknAGRrLznOu5nc9ML+EJxGvrx6H7teuevqVqCuPcPK//3eDrrjQhehXVx9cnkGdw==}

  scheduler@0.21.0:
    resolution: {integrity: sha512-1r87x5fz9MXqswA2ERLo0EbOAU74DpIUO090gIasYTqlVoJeMcl+Z1Rg7WHz+qtPujhS/hGIt9kxZOYBV3faRQ==}

  scheduler@0.23.2:
    resolution: {integrity: sha512-UOShsPwz7NrMUqhR6t0hWjFduvOzbtv7toDH1/hIrfRNIDBnnBWd0CwJTGvTpngVlmwGCdP9/Zl/tVrDqcuYzQ==}

  suspend-react@0.1.3:
    resolution: {integrity: sha512-aqldKgX9aZqpoDp3e8/BZ8Dm7x1pJl+qI3ZKxDN0i/IQTWUwBx/ManmlVJ3wowqbno6c2bmiIfs+Um6LbsjJyQ==}
    peerDependencies:
      react: '>=17.0'

  three@0.170.0:
    resolution: {integrity: sha512-FQK+LEpYc0fBD+J8g6oSEyyNzjp+Q7Ks1C568WWaoMRLW+TkNNWmenWeGgJjV105Gd+p/2ql1ZcjYvNiPZBhuQ==}

  tslib@2.8.1:
    resolution: {integrity: sha512-oJFu94HQb+KVduSUQL7wnpmqnfmLsOA/nAh6b6EH0wCEoK0/mPeXU6c3wKDV83MkOuHPRHtSXKKU99IBazS/2w==}

  zustand@3.7.2:
    resolution: {integrity: sha512-PIJDIZKtokhof+9+60cpockVOq05sJzHCriyvaLBmEJixseQ1a5Kdov6fWZfWOu5SK9c+FhH1jU0tntLxRJYMA==}
    engines: {node: '>=12.7.0'}
    peerDependencies:
      react: '>=16.8'
    peerDependenciesMeta:
      react:
        optional: true

snapshots:

  '@babel/runtime@7.26.0':
    dependencies:
      regenerator-runtime: 0.14.1

  '@heroicons/react@2.2.0(react@18.3.1)':
    dependencies:
      react: 18.3.1

  '@react-three/fiber@8.17.10(react-dom@18.3.1(react@18.3.1))(react@18.3.1)(three@0.170.0)':
    dependencies:
      '@babel/runtime': 7.26.0
      '@types/debounce': 1.2.4
      '@types/react-reconciler': 0.26.7
      '@types/webxr': 0.5.20
      base64-js: 1.5.1
      buffer: 6.0.3
      debounce: 1.2.1
      its-fine: 1.2.5(react@18.3.1)
      react: 18.3.1
      react-reconciler: 0.27.0(react@18.3.1)
      scheduler: 0.21.0
      suspend-react: 0.1.3(react@18.3.1)
      three: 0.170.0
      zustand: 3.7.2(react@18.3.1)
    optionalDependencies:
      react-dom: 18.3.1(react@18.3.1)

  '@tweenjs/tween.js@23.1.3': {}

  '@types/debounce@1.2.4': {}

  '@types/prop-types@15.7.13': {}

  '@types/react-reconciler@0.26.7':
    dependencies:
      '@types/react': 18.3.12

  '@types/react-reconciler@0.28.8':
    dependencies:
      '@types/react': 18.3.12

  '@types/react@18.3.12':
    dependencies:
      '@types/prop-types': 15.7.13
      csstype: 3.1.3

  '@types/stats.js@0.17.3': {}

  '@types/three@0.170.0':
    dependencies:
      '@tweenjs/tween.js': 23.1.3
      '@types/stats.js': 0.17.3
      '@types/webxr': 0.5.20
      '@webgpu/types': 0.1.51
      fflate: 0.8.2
      meshoptimizer: 0.18.1

  '@types/webxr@0.5.20': {}

  '@webgpu/types@0.1.51': {}

  base64-js@1.5.1: {}

  buffer@6.0.3:
    dependencies:
      base64-js: 1.5.1
      ieee754: 1.2.1

  csstype@3.1.3: {}

  debounce@1.2.1: {}

  fflate@0.8.2: {}

  framer-motion@11.11.17(react-dom@18.3.1(react@18.3.1))(react@18.3.1):
    dependencies:
      tslib: 2.8.1
    optionalDependencies:
      react: 18.3.1
      react-dom: 18.3.1(react@18.3.1)

  ieee754@1.2.1: {}

  its-fine@1.2.5(react@18.3.1):
    dependencies:
      '@types/react-reconciler': 0.28.8
      react: 18.3.1

  js-tokens@4.0.0: {}

  loose-envify@1.4.0:
    dependencies:
      js-tokens: 4.0.0

  meshoptimizer@0.18.1: {}

  react-dom@18.3.1(react@18.3.1):
    dependencies:
      loose-envify: 1.4.0
      react: 18.3.1
      scheduler: 0.23.2

  react-reconciler@0.27.0(react@18.3.1):
    dependencies:
      loose-envify: 1.4.0
      react: 18.3.1
      scheduler: 0.21.0

  react@18.3.1:
    dependencies:
      loose-envify: 1.4.0

  regenerator-runtime@0.14.1: {}

  scheduler@0.21.0:
    dependencies:
      loose-envify: 1.4.0

  scheduler@0.23.2:
    dependencies:
      loose-envify: 1.4.0

  suspend-react@0.1.3(react@18.3.1):
    dependencies:
      react: 18.3.1

  three@0.170.0: {}

  tslib@2.8.1: {}

  zustand@3.7.2(react@18.3.1):
    optionalDependencies:
      react: 18.3.1
